# THIS IS AN AUTOGENERATED FILE. DO NOT EDIT THIS FILE DIRECTLY.
# yarn lockfile v1


lodash@^4.17.21:
  version "4.17.21"
  resolved "https://registry.yarnpkg.com/lodash/-/lodash-4.17.21.tgz#679591c564c3bffaae8454cf0b3df370c3d6911c"
  integrity sha512-v2kDEe57lecTulaDIuNTPy3Ry4gLGJ6Z1O3vE1krgXZNrsQ+LFTGHVxVjcXPs17LhbZVGedAJv8XZ1tvj5FvSg==

matrix-js@^1.6.1:
  version "1.6.1"
  resolved "https://registry.yarnpkg.com/matrix-js/-/matrix-js-1.6.1.tgz#4b9f44d7cf9fd2c14bcd85003f7b2b39a784c3c0"
  integrity sha512-Lc7rDBJCL0ZK+ptRW246EYrcfYx0EeOCPrOwDxm3ZV7zpKzM3Kx1nzl4w3ElmS/TwMwkFTaCsT1U7FKPHYLkhg==

matrix-multiplication@^0.5.2:
  version "0.5.2"
  resolved "https://registry.yarnpkg.com/matrix-multiplication/-/matrix-multiplication-0.5.2.tgz#3f5fd6eee86dfd592a6a299cc67a75cea17fc9bd"
  integrity sha512-rr3Adfxn9cktAn8zYAkYiDbFZFkFflwjm9oSm5drBIQJPjFoqUlT9nq7aMwXpr+Nr4uurQKgxy+9pfk5X2YmYA==
  dependencies:
    not-defined "^2.0.1"
    static-props "^1.1.1"

not-defined@^2.0.1:
  version "2.1.4"
  resolved "https://registry.yarnpkg.com/not-defined/-/not-defined-2.1.4.tgz#1f83424baeaf915289f331e3aa2a2675ee8ac5a6"
  integrity sha512-KmZ4O3MohdMtgoqsU7x7PrEAPph+45/pBcZUMkEsy3IViwVIh6tjUe8ennVbgaFyGTmiml13V+gOgwcfA1A3qg==

static-props@^1.1.1:
  version "1.1.2"
  resolved "https://registry.yarnpkg.com/static-props/-/static-props-1.1.2.tgz#a14f4a1af4ae6ceb7f6e69017890730505363b12"
  integrity sha512-uHhAsY2eP0WWz42n/5sZDnoO511JgXJsTaycb4ISeYeIH+tjAvAVZ+praZQ3NNVNMUUwc8VXpWWY28Xh8I6XZg==
